
Microsoft Visual Studio Solution File, Format Version 12.00
# Visual Studio Version 17
VisualStudioVersion = 17.12.35309.182
MinimumVisualStudioVersion = 10.0.40219.1
Project("{FAE04EC0-301F-11D3-BF4B-00C04F79EFBC}") = "Atari2600.Disassembler", "Atari2600.Disassembler\Atari2600.Disassembler.csproj", "{12FD2B41-F4C9-4FA5-A7C5-52D6DFDB36EF}"
EndProject
Project("{FAE04EC0-301F-11D3-BF4B-00C04F79EFBC}") = "Atari2600.Test", "Atari2600.Test\Atari2600.Test.csproj", "{F44315C6-7105-491C-A954-4F9FC4C7ED1F}"
EndProject
Project("{FAE04EC0-301F-11D3-BF4B-00C04F79EFBC}") = "Atari2600.Emulator", "Atari2600.Emulator\Atari2600.Emulator.csproj", "{E11B7141-B9D0-41F1-9BDE-B44B116F54E5}"
EndProject
Project("{FAE04EC0-301F-11D3-BF4B-00C04F79EFBC}") = "Atari2600.SilkTest", "Atari2600.SilkTest\Atari2600.SilkTest.csproj", "{1C6E8C3F-CE8E-4E1A-9A6A-FE9F3C7AA923}"
EndProject
Project("{FAE04EC0-301F-11D3-BF4B-00C04F79EFBC}") = "Atari2600.FormsTest", "Atari2600.FormsTest\Atari2600.FormsTest.csproj", "{A61162E0-2073-4A5E-B28D-3999B07D0D70}"
EndProject
Global
	GlobalSection(SolutionConfigurationPlatforms) = preSolution
		Debug|Any CPU = Debug|Any CPU
		Debug|ARM = Debug|ARM
		Debug|ARM64 = Debug|ARM64
		Debug|x64 = Debug|x64
		Debug|x86 = Debug|x86
		Release|Any CPU = Release|Any CPU
		Release|ARM = Release|ARM
		Release|ARM64 = Release|ARM64
		Release|x64 = Release|x64
		Release|x86 = Release|x86
	EndGlobalSection
	GlobalSection(ProjectConfigurationPlatforms) = postSolution
		{12FD2B41-F4C9-4FA5-A7C5-52D6DFDB36EF}.Debug|Any CPU.ActiveCfg = Debug|Any CPU
		{12FD2B41-F4C9-4FA5-A7C5-52D6DFDB36EF}.Debug|Any CPU.Build.0 = Debug|Any CPU
		{12FD2B41-F4C9-4FA5-A7C5-52D6DFDB36EF}.Debug|ARM.ActiveCfg = Debug|Any CPU
		{12FD2B41-F4C9-4FA5-A7C5-52D6DFDB36EF}.Debug|ARM.Build.0 = Debug|Any CPU
		{12FD2B41-F4C9-4FA5-A7C5-52D6DFDB36EF}.Debug|ARM64.ActiveCfg = Debug|Any CPU
		{12FD2B41-F4C9-4FA5-A7C5-52D6DFDB36EF}.Debug|ARM64.Build.0 = Debug|Any CPU
		{12FD2B41-F4C9-4FA5-A7C5-52D6DFDB36EF}.Debug|x64.ActiveCfg = Debug|Any CPU
		{12FD2B41-F4C9-4FA5-A7C5-52D6DFDB36EF}.Debug|x64.Build.0 = Debug|Any CPU
		{12FD2B41-F4C9-4FA5-A7C5-52D6DFDB36EF}.Debug|x86.ActiveCfg = Debug|Any CPU
		{12FD2B41-F4C9-4FA5-A7C5-52D6DFDB36EF}.Debug|x86.Build.0 = Debug|Any CPU
		{12FD2B41-F4C9-4FA5-A7C5-52D6DFDB36EF}.Release|Any CPU.ActiveCfg = Release|Any CPU
		{12FD2B41-F4C9-4FA5-A7C5-52D6DFDB36EF}.Release|Any CPU.Build.0 = Release|Any CPU
		{12FD2B41-F4C9-4FA5-A7C5-52D6DFDB36EF}.Release|ARM.ActiveCfg = Release|Any CPU
		{12FD2B41-F4C9-4FA5-A7C5-52D6DFDB36EF}.Release|ARM.Build.0 = Release|Any CPU
		{12FD2B41-F4C9-4FA5-A7C5-52D6DFDB36EF}.Release|ARM64.ActiveCfg = Release|Any CPU
		{12FD2B41-F4C9-4FA5-A7C5-52D6DFDB36EF}.Release|ARM64.Build.0 = Release|Any CPU
		{12FD2B41-F4C9-4FA5-A7C5-52D6DFDB36EF}.Release|x64.ActiveCfg = Release|Any CPU
		{12FD2B41-F4C9-4FA5-A7C5-52D6DFDB36EF}.Release|x64.Build.0 = Release|Any CPU
		{12FD2B41-F4C9-4FA5-A7C5-52D6DFDB36EF}.Release|x86.ActiveCfg = Release|Any CPU
		{12FD2B41-F4C9-4FA5-A7C5-52D6DFDB36EF}.Release|x86.Build.0 = Release|Any CPU
		{F44315C6-7105-491C-A954-4F9FC4C7ED1F}.Debug|Any CPU.ActiveCfg = Debug|Any CPU
		{F44315C6-7105-491C-A954-4F9FC4C7ED1F}.Debug|Any CPU.Build.0 = Debug|Any CPU
		{F44315C6-7105-491C-A954-4F9FC4C7ED1F}.Debug|ARM.ActiveCfg = Debug|Any CPU
		{F44315C6-7105-491C-A954-4F9FC4C7ED1F}.Debug|ARM.Build.0 = Debug|Any CPU
		{F44315C6-7105-491C-A954-4F9FC4C7ED1F}.Debug|ARM64.ActiveCfg = Debug|Any CPU
		{F44315C6-7105-491C-A954-4F9FC4C7ED1F}.Debug|ARM64.Build.0 = Debug|Any CPU
		{F44315C6-7105-491C-A954-4F9FC4C7ED1F}.Debug|x64.ActiveCfg = Debug|Any CPU
		{F44315C6-7105-491C-A954-4F9FC4C7ED1F}.Debug|x64.Build.0 = Debug|Any CPU
		{F44315C6-7105-491C-A954-4F9FC4C7ED1F}.Debug|x86.ActiveCfg = Debug|Any CPU
		{F44315C6-7105-491C-A954-4F9FC4C7ED1F}.Debug|x86.Build.0 = Debug|Any CPU
		{F44315C6-7105-491C-A954-4F9FC4C7ED1F}.Release|Any CPU.ActiveCfg = Release|Any CPU
		{F44315C6-7105-491C-A954-4F9FC4C7ED1F}.Release|Any CPU.Build.0 = Release|Any CPU
		{F44315C6-7105-491C-A954-4F9FC4C7ED1F}.Release|ARM.ActiveCfg = Release|Any CPU
		{F44315C6-7105-491C-A954-4F9FC4C7ED1F}.Release|ARM.Build.0 = Release|Any CPU
		{F44315C6-7105-491C-A954-4F9FC4C7ED1F}.Release|ARM64.ActiveCfg = Release|Any CPU
		{F44315C6-7105-491C-A954-4F9FC4C7ED1F}.Release|ARM64.Build.0 = Release|Any CPU
		{F44315C6-7105-491C-A954-4F9FC4C7ED1F}.Release|x64.ActiveCfg = Release|Any CPU
		{F44315C6-7105-491C-A954-4F9FC4C7ED1F}.Release|x64.Build.0 = Release|Any CPU
		{F44315C6-7105-491C-A954-4F9FC4C7ED1F}.Release|x86.ActiveCfg = Release|Any CPU
		{F44315C6-7105-491C-A954-4F9FC4C7ED1F}.Release|x86.Build.0 = Release|Any CPU
		{E11B7141-B9D0-41F1-9BDE-B44B116F54E5}.Debug|Any CPU.ActiveCfg = Debug|Any CPU
		{E11B7141-B9D0-41F1-9BDE-B44B116F54E5}.Debug|Any CPU.Build.0 = Debug|Any CPU
		{E11B7141-B9D0-41F1-9BDE-B44B116F54E5}.Debug|ARM.ActiveCfg = Debug|Any CPU
		{E11B7141-B9D0-41F1-9BDE-B44B116F54E5}.Debug|ARM.Build.0 = Debug|Any CPU
		{E11B7141-B9D0-41F1-9BDE-B44B116F54E5}.Debug|ARM64.ActiveCfg = Debug|Any CPU
		{E11B7141-B9D0-41F1-9BDE-B44B116F54E5}.Debug|ARM64.Build.0 = Debug|Any CPU
		{E11B7141-B9D0-41F1-9BDE-B44B116F54E5}.Debug|x64.ActiveCfg = Debug|Any CPU
		{E11B7141-B9D0-41F1-9BDE-B44B116F54E5}.Debug|x64.Build.0 = Debug|Any CPU
		{E11B7141-B9D0-41F1-9BDE-B44B116F54E5}.Debug|x86.ActiveCfg = Debug|Any CPU
		{E11B7141-B9D0-41F1-9BDE-B44B116F54E5}.Debug|x86.Build.0 = Debug|Any CPU
		{E11B7141-B9D0-41F1-9BDE-B44B116F54E5}.Release|Any CPU.ActiveCfg = Release|Any CPU
		{E11B7141-B9D0-41F1-9BDE-B44B116F54E5}.Release|Any CPU.Build.0 = Release|Any CPU
		{E11B7141-B9D0-41F1-9BDE-B44B116F54E5}.Release|ARM.ActiveCfg = Release|Any CPU
		{E11B7141-B9D0-41F1-9BDE-B44B116F54E5}.Release|ARM.Build.0 = Release|Any CPU
		{E11B7141-B9D0-41F1-9BDE-B44B116F54E5}.Release|ARM64.ActiveCfg = Release|Any CPU
		{E11B7141-B9D0-41F1-9BDE-B44B116F54E5}.Release|ARM64.Build.0 = Release|Any CPU
		{E11B7141-B9D0-41F1-9BDE-B44B116F54E5}.Release|x64.ActiveCfg = Release|Any CPU
		{E11B7141-B9D0-41F1-9BDE-B44B116F54E5}.Release|x64.Build.0 = Release|Any CPU
		{E11B7141-B9D0-41F1-9BDE-B44B116F54E5}.Release|x86.ActiveCfg = Release|Any CPU
		{E11B7141-B9D0-41F1-9BDE-B44B116F54E5}.Release|x86.Build.0 = Release|Any CPU
		{1C6E8C3F-CE8E-4E1A-9A6A-FE9F3C7AA923}.Debug|Any CPU.ActiveCfg = Debug|Any CPU
		{1C6E8C3F-CE8E-4E1A-9A6A-FE9F3C7AA923}.Debug|Any CPU.Build.0 = Debug|Any CPU
		{1C6E8C3F-CE8E-4E1A-9A6A-FE9F3C7AA923}.Debug|ARM.ActiveCfg = Debug|Any CPU
		{1C6E8C3F-CE8E-4E1A-9A6A-FE9F3C7AA923}.Debug|ARM.Build.0 = Debug|Any CPU
		{1C6E8C3F-CE8E-4E1A-9A6A-FE9F3C7AA923}.Debug|ARM64.ActiveCfg = Debug|Any CPU
		{1C6E8C3F-CE8E-4E1A-9A6A-FE9F3C7AA923}.Debug|ARM64.Build.0 = Debug|Any CPU
		{1C6E8C3F-CE8E-4E1A-9A6A-FE9F3C7AA923}.Debug|x64.ActiveCfg = Debug|Any CPU
		{1C6E8C3F-CE8E-4E1A-9A6A-FE9F3C7AA923}.Debug|x64.Build.0 = Debug|Any CPU
		{1C6E8C3F-CE8E-4E1A-9A6A-FE9F3C7AA923}.Debug|x86.ActiveCfg = Debug|Any CPU
		{1C6E8C3F-CE8E-4E1A-9A6A-FE9F3C7AA923}.Debug|x86.Build.0 = Debug|Any CPU
		{1C6E8C3F-CE8E-4E1A-9A6A-FE9F3C7AA923}.Release|Any CPU.ActiveCfg = Release|Any CPU
		{1C6E8C3F-CE8E-4E1A-9A6A-FE9F3C7AA923}.Release|Any CPU.Build.0 = Release|Any CPU
		{1C6E8C3F-CE8E-4E1A-9A6A-FE9F3C7AA923}.Release|ARM.ActiveCfg = Release|Any CPU
		{1C6E8C3F-CE8E-4E1A-9A6A-FE9F3C7AA923}.Release|ARM.Build.0 = Release|Any CPU
		{1C6E8C3F-CE8E-4E1A-9A6A-FE9F3C7AA923}.Release|ARM64.ActiveCfg = Release|Any CPU
		{1C6E8C3F-CE8E-4E1A-9A6A-FE9F3C7AA923}.Release|ARM64.Build.0 = Release|Any CPU
		{1C6E8C3F-CE8E-4E1A-9A6A-FE9F3C7AA923}.Release|x64.ActiveCfg = Release|Any CPU
		{1C6E8C3F-CE8E-4E1A-9A6A-FE9F3C7AA923}.Release|x64.Build.0 = Release|Any CPU
		{1C6E8C3F-CE8E-4E1A-9A6A-FE9F3C7AA923}.Release|x86.ActiveCfg = Release|Any CPU
		{1C6E8C3F-CE8E-4E1A-9A6A-FE9F3C7AA923}.Release|x86.Build.0 = Release|Any CPU
		{A61162E0-2073-4A5E-B28D-3999B07D0D70}.Debug|Any CPU.ActiveCfg = Debug|Any CPU
		{A61162E0-2073-4A5E-B28D-3999B07D0D70}.Debug|Any CPU.Build.0 = Debug|Any CPU
		{A61162E0-2073-4A5E-B28D-3999B07D0D70}.Debug|ARM.ActiveCfg = Debug|Any CPU
		{A61162E0-2073-4A5E-B28D-3999B07D0D70}.Debug|ARM.Build.0 = Debug|Any CPU
		{A61162E0-2073-4A5E-B28D-3999B07D0D70}.Debug|ARM64.ActiveCfg = Debug|Any CPU
		{A61162E0-2073-4A5E-B28D-3999B07D0D70}.Debug|ARM64.Build.0 = Debug|Any CPU
		{A61162E0-2073-4A5E-B28D-3999B07D0D70}.Debug|x64.ActiveCfg = Debug|Any CPU
		{A61162E0-2073-4A5E-B28D-3999B07D0D70}.Debug|x64.Build.0 = Debug|Any CPU
		{A61162E0-2073-4A5E-B28D-3999B07D0D70}.Debug|x86.ActiveCfg = Debug|Any CPU
		{A61162E0-2073-4A5E-B28D-3999B07D0D70}.Debug|x86.Build.0 = Debug|Any CPU
		{A61162E0-2073-4A5E-B28D-3999B07D0D70}.Release|Any CPU.ActiveCfg = Release|Any CPU
		{A61162E0-2073-4A5E-B28D-3999B07D0D70}.Release|Any CPU.Build.0 = Release|Any CPU
		{A61162E0-2073-4A5E-B28D-3999B07D0D70}.Release|ARM.ActiveCfg = Release|Any CPU
		{A61162E0-2073-4A5E-B28D-3999B07D0D70}.Release|ARM.Build.0 = Release|Any CPU
		{A61162E0-2073-4A5E-B28D-3999B07D0D70}.Release|ARM64.ActiveCfg = Release|Any CPU
		{A61162E0-2073-4A5E-B28D-3999B07D0D70}.Release|ARM64.Build.0 = Release|Any CPU
		{A61162E0-2073-4A5E-B28D-3999B07D0D70}.Release|x64.ActiveCfg = Release|Any CPU
		{A61162E0-2073-4A5E-B28D-3999B07D0D70}.Release|x64.Build.0 = Release|Any CPU
		{A61162E0-2073-4A5E-B28D-3999B07D0D70}.Release|x86.ActiveCfg = Release|Any CPU
		{A61162E0-2073-4A5E-B28D-3999B07D0D70}.Release|x86.Build.0 = Release|Any CPU
	EndGlobalSection
	GlobalSection(SolutionProperties) = preSolution
		HideSolutionNode = FALSE
	EndGlobalSection
	GlobalSection(ExtensibilityGlobals) = postSolution
		SolutionGuid = {649F7EFA-8A88-4F32-A4E4-3E2975C89365}
	EndGlobalSection
EndGlobal
